
Microsoft Visual Studio Solution File, Format Version 12.00
# Visual Studio Version 17
VisualStudioVersion = 17.11.35327.3
MinimumVisualStudioVersion = 10.0.40219.1
Project("{9A19103F-16F7-4668-BE54-9A1E7A4F7556}") = "Geometrie.BLL", "Geometrie.BLL\Geometrie.BLL.csproj", "{468783D6-CA3C-49AB-A0F3-14C446A3B49F}"
EndProject
Project("{9A19103F-16F7-4668-BE54-9A1E7A4F7556}") = "Rappel_cours", "Rappel_cours\Rappel_cours.csproj", "{1D1E6730-752B-46C4-B10D-0791B173D3A2}"
EndProject
Project("{9A19103F-16F7-4668-BE54-9A1E7A4F7556}") = "Geometrie.Console", "Geometrie.Console\Geometrie.Console.csproj", "{2CEB9B7C-9606-4546-90A3-A483053DBB65}"
EndProject
Project("{9A19103F-16F7-4668-BE54-9A1E7A4F7556}") = "GénériqueEtDélégues", "GénériqueEtDélégues\GénériqueEtDélégues.csproj", "{42C569D4-8866-40FD-B283-F77071E206F4}"
EndProject
Project("{FAE04EC0-301F-11D3-BF4B-00C04F79EFBC}") = "Geometrie.DAL", "Geometrie.DAL\Geometrie.DAL.csproj", "{F92A230F-42EC-4882-AC92-949238B31C16}"
EndProject
Global
	GlobalSection(SolutionConfigurationPlatforms) = preSolution
		Debug|Any CPU = Debug|Any CPU
		Release|Any CPU = Release|Any CPU
	EndGlobalSection
	GlobalSection(ProjectConfigurationPlatforms) = postSolution
		{468783D6-CA3C-49AB-A0F3-14C446A3B49F}.Debug|Any CPU.ActiveCfg = Debug|Any CPU
		{468783D6-CA3C-49AB-A0F3-14C446A3B49F}.Debug|Any CPU.Build.0 = Debug|Any CPU
		{468783D6-CA3C-49AB-A0F3-14C446A3B49F}.Release|Any CPU.ActiveCfg = Release|Any CPU
		{468783D6-CA3C-49AB-A0F3-14C446A3B49F}.Release|Any CPU.Build.0 = Release|Any CPU
		{1D1E6730-752B-46C4-B10D-0791B173D3A2}.Debug|Any CPU.ActiveCfg = Debug|Any CPU
		{1D1E6730-752B-46C4-B10D-0791B173D3A2}.Debug|Any CPU.Build.0 = Debug|Any CPU
		{1D1E6730-752B-46C4-B10D-0791B173D3A2}.Release|Any CPU.ActiveCfg = Release|Any CPU
		{1D1E6730-752B-46C4-B10D-0791B173D3A2}.Release|Any CPU.Build.0 = Release|Any CPU
		{2CEB9B7C-9606-4546-90A3-A483053DBB65}.Debug|Any CPU.ActiveCfg = Debug|Any CPU
		{2CEB9B7C-9606-4546-90A3-A483053DBB65}.Debug|Any CPU.Build.0 = Debug|Any CPU
		{2CEB9B7C-9606-4546-90A3-A483053DBB65}.Release|Any CPU.ActiveCfg = Release|Any CPU
		{2CEB9B7C-9606-4546-90A3-A483053DBB65}.Release|Any CPU.Build.0 = Release|Any CPU
		{42C569D4-8866-40FD-B283-F77071E206F4}.Debug|Any CPU.ActiveCfg = Debug|Any CPU
		{42C569D4-8866-40FD-B283-F77071E206F4}.Debug|Any CPU.Build.0 = Debug|Any CPU
		{42C569D4-8866-40FD-B283-F77071E206F4}.Release|Any CPU.ActiveCfg = Release|Any CPU
		{42C569D4-8866-40FD-B283-F77071E206F4}.Release|Any CPU.Build.0 = Release|Any CPU
		{F92A230F-42EC-4882-AC92-949238B31C16}.Debug|Any CPU.ActiveCfg = Debug|Any CPU
		{F92A230F-42EC-4882-AC92-949238B31C16}.Debug|Any CPU.Build.0 = Debug|Any CPU
		{F92A230F-42EC-4882-AC92-949238B31C16}.Release|Any CPU.ActiveCfg = Release|Any CPU
		{F92A230F-42EC-4882-AC92-949238B31C16}.Release|Any CPU.Build.0 = Release|Any CPU
	EndGlobalSection
	GlobalSection(SolutionProperties) = preSolution
		HideSolutionNode = FALSE
	EndGlobalSection
	GlobalSection(ExtensibilityGlobals) = postSolution
		SolutionGuid = {C914AF53-D799-43D2-BFF2-8B61A4BF2452}
	EndGlobalSection
EndGlobal
